// !$*UTF8*$!
{
	archiveVersion = 1;
	classes = {
	};
	objectVersion = 56;
	objects = {

/* Begin PBXBuildFile section */
		15D8AC992C46BEEB00A7BDC2 /* AppDelegate.swift in Sources */ = {isa = PBXBuildFile; fileRef = 15D8AC982C46BEEB00A7BDC2 /* AppDelegate.swift */; };
		15D8ACA22C46BEEF00A7BDC2 /* Assets.xcassets in Resources */ = {isa = PBXBuildFile; fileRef = 15D8ACA12C46BEEF00A7BDC2 /* Assets.xcassets */; };
		15D8ACA52C46BEEF00A7BDC2 /* Base in Resources */ = {isa = PBXBuildFile; fileRef = 15D8ACA42C46BEEF00A7BDC2 /* Base */; };
		15EE272F2C493305007A1E7C /* WeatherEvent.swift in Sources */ = {isa = PBXBuildFile; fileRef = 15EE272E2C493305007A1E7C /* WeatherEvent.swift */; };
		15EE27312C494C78007A1E7C /* MainViewController.swift in Sources */ = {isa = PBXBuildFile; fileRef = 15EE27302C494C78007A1E7C /* MainViewController.swift */; };
		15EE27372C49964B007A1E7C /* CloudAnimationView.swift in Sources */ = {isa = PBXBuildFile; fileRef = 15EE27362C49964B007A1E7C /* CloudAnimationView.swift */; };
		15EE27392C4ACEF5007A1E7C /* Layer.swift in Sources */ = {isa = PBXBuildFile; fileRef = 15EE27382C4ACEF5007A1E7C /* Layer.swift */; };
		15EE273B2C4ED598007A1E7C /* rainingmen.mp3 in Resources */ = {isa = PBXBuildFile; fileRef = 15EE273A2C4ED598007A1E7C /* rainingmen.mp3 */; };
		15EE273D2C4ED958007A1E7C /* DonwfallAnimation.swift in Sources */ = {isa = PBXBuildFile; fileRef = 15EE273C2C4ED958007A1E7C /* DonwfallAnimation.swift */; };
/* End PBXBuildFile section */

/* Begin PBXFileReference section */
		15D8AC952C46BEEB00A7BDC2 /* WeatherTT.app */ = {isa = PBXFileReference; explicitFileType = wrapper.application; includeInIndex = 0; path = WeatherTT.app; sourceTree = BUILT_PRODUCTS_DIR; };
		15D8AC982C46BEEB00A7BDC2 /* AppDelegate.swift */ = {isa = PBXFileReference; lastKnownFileType = sourcecode.swift; path = AppDelegate.swift; sourceTree = "<group>"; };
		15D8ACA12C46BEEF00A7BDC2 /* Assets.xcassets */ = {isa = PBXFileReference; lastKnownFileType = folder.assetcatalog; path = Assets.xcassets; sourceTree = "<group>"; };
		15D8ACA42C46BEEF00A7BDC2 /* Base */ = {isa = PBXFileReference; lastKnownFileType = file.storyboard; name = Base; path = Base.lproj/LaunchScreen.storyboard; sourceTree = "<group>"; };
		15D8ACA62C46BEEF00A7BDC2 /* Info.plist */ = {isa = PBXFileReference; lastKnownFileType = text.plist.xml; path = Info.plist; sourceTree = "<group>"; };
		15EE272E2C493305007A1E7C /* WeatherEvent.swift */ = {isa = PBXFileReference; lastKnownFileType = sourcecode.swift; path = WeatherEvent.swift; sourceTree = "<group>"; };
		15EE27302C494C78007A1E7C /* MainViewController.swift */ = {isa = PBXFileReference; lastKnownFileType = sourcecode.swift; path = MainViewController.swift; sourceTree = "<group>"; };
		15EE27362C49964B007A1E7C /* CloudAnimationView.swift */ = {isa = PBXFileReference; lastKnownFileType = sourcecode.swift; path = CloudAnimationView.swift; sourceTree = "<group>"; };
		15EE27382C4ACEF5007A1E7C /* Layer.swift */ = {isa = PBXFileReference; lastKnownFileType = sourcecode.swift; path = Layer.swift; sourceTree = "<group>"; };
		15EE273A2C4ED598007A1E7C /* rainingmen.mp3 */ = {isa = PBXFileReference; lastKnownFileType = audio.mp3; path = rainingmen.mp3; sourceTree = "<group>"; };
		15EE273C2C4ED958007A1E7C /* DonwfallAnimation.swift */ = {isa = PBXFileReference; lastKnownFileType = sourcecode.swift; path = DonwfallAnimation.swift; sourceTree = "<group>"; };
/* End PBXFileReference section */

/* Begin PBXFrameworksBuildPhase section */
		15D8AC922C46BEEB00A7BDC2 /* Frameworks */ = {
			isa = PBXFrameworksBuildPhase;
			buildActionMask = 2147483647;
			files = (
			);
			runOnlyForDeploymentPostprocessing = 0;
		};
/* End PBXFrameworksBuildPhase section */

/* Begin PBXGroup section */
		15D8AC8C2C46BEEB00A7BDC2 = {
			isa = PBXGroup;
			children = (
				15D8AC972C46BEEB00A7BDC2 /* WeatherTT */,
				15D8AC962C46BEEB00A7BDC2 /* Products */,
			);
			sourceTree = "<group>";
		};
		15D8AC962C46BEEB00A7BDC2 /* Products */ = {
			isa = PBXGroup;
			children = (
				15D8AC952C46BEEB00A7BDC2 /* WeatherTT.app */,
			);
			name = Products;
			sourceTree = "<group>";
		};
		15D8AC972C46BEEB00A7BDC2 /* WeatherTT */ = {
			isa = PBXGroup;
			children = (
				15D8AC982C46BEEB00A7BDC2 /* AppDelegate.swift */,
				15EE27302C494C78007A1E7C /* MainViewController.swift */,
				15EE272E2C493305007A1E7C /* WeatherEvent.swift */,
				15EE27362C49964B007A1E7C /* CloudAnimationView.swift */,
				15EE273C2C4ED958007A1E7C /* DonwfallAnimation.swift */,
				15EE27382C4ACEF5007A1E7C /* Layer.swift */,
				15D8ACA12C46BEEF00A7BDC2 /* Assets.xcassets */,
				15D8ACA32C46BEEF00A7BDC2 /* LaunchScreen.storyboard */,
				15D8ACA62C46BEEF00A7BDC2 /* Info.plist */,
				15EE273A2C4ED598007A1E7C /* rainingmen.mp3 */,
			);
			path = WeatherTT;
			sourceTree = "<group>";
		};
/* End PBXGroup section */

/* Begin PBXNativeTarget section */
		15D8AC942C46BEEB00A7BDC2 /* WeatherTT */ = {
			isa = PBXNativeTarget;
			buildConfigurationList = 15D8ACA92C46BEEF00A7BDC2 /* Build configuration list for PBXNativeTarget "WeatherTT" */;
			buildPhases = (
				15D8AC912C46BEEB00A7BDC2 /* Sources */,
				15D8AC922C46BEEB00A7BDC2 /* Frameworks */,
				15D8AC932C46BEEB00A7BDC2 /* Resources */,
			);
			buildRules = (
			);
			dependencies = (
			);
			name = WeatherTT;
			productName = WeatherTT;
			productReference = 15D8AC952C46BEEB00A7BDC2 /* WeatherTT.app */;
			productType = "com.apple.product-type.application";
		};
/* End PBXNativeTarget section */

/* Begin PBXProject section */
		15D8AC8D2C46BEEB00A7BDC2 /* Project object */ = {
			isa = PBXProject;
			attributes = {
				BuildIndependentTargetsInParallel = 1;
				LastSwiftUpdateCheck = 1530;
				LastUpgradeCheck = 1530;
				TargetAttributes = {
					15D8AC942C46BEEB00A7BDC2 = {
						CreatedOnToolsVersion = 15.3;
					};
				};
			};
			buildConfigurationList = 15D8AC902C46BEEB00A7BDC2 /* Build configuration list for PBXProject "WeatherTT" */;
			compatibilityVersion = "Xcode 14.0";
			developmentRegion = en;
			hasScannedForEncodings = 0;
			knownRegions = (
				en,
				Base,
			);
			mainGroup = 15D8AC8C2C46BEEB00A7BDC2;
			productRefGroup = 15D8AC962C46BEEB00A7BDC2 /* Products */;
			projectDirPath = "";
			projectRoot = "";
			targets = (
				15D8AC942C46BEEB00A7BDC2 /* WeatherTT */,
			);
		};
/* End PBXProject section */

/* Begin PBXResourcesBuildPhase section */
		15D8AC932C46BEEB00A7BDC2 /* Resources */ = {
			isa = PBXResourcesBuildPhase;
			buildActionMask = 2147483647;
			files = (
				15D8ACA22C46BEEF00A7BDC2 /* Assets.xcassets in Resources */,
				15EE273B2C4ED598007A1E7C /* rainingmen.mp3 in Resources */,
				15D8ACA52C46BEEF00A7BDC2 /* Base in Resources */,
			);
			runOnlyForDeploymentPostprocessing = 0;
		};
/* End PBXResourcesBuildPhase section */

/* Begin PBXSourcesBuildPhase section */
		15D8AC912C46BEEB00A7BDC2 /* Sources */ = {
			isa = PBXSourcesBuildPhase;
			buildActionMask = 2147483647;
			files = (
				15EE272F2C493305007A1E7C /* WeatherEvent.swift in Sources */,
				15EE273D2C4ED958007A1E7C /* DonwfallAnimation.swift in Sources */,
				15D8AC992C46BEEB00A7BDC2 /* AppDelegate.swift in Sources */,
				15EE27392C4ACEF5007A1E7C /* Layer.swift in Sources */,
				15EE27312C494C78007A1E7C /* MainViewController.swift in Sources */,
				15EE27372C49964B007A1E7C /* CloudAnimationView.swift in Sources */,
			);
			runOnlyForDeploymentPostprocessing = 0;
		};
/* End PBXSourcesBuildPhase section */

/* Begin PBXVariantGroup section */
		15D8ACA32C46BEEF00A7BDC2 /* LaunchScreen.storyboard */ = {
			isa = PBXVariantGroup;
			children = (
				15D8ACA42C46BEEF00A7BDC2 /* Base */,
			);
			name = LaunchScreen.storyboard;
			sourceTree = "<group>";
		};
/* End PBXVariantGroup section */

/* Begin XCBuildConfiguration section */
		15D8ACA72C46BEEF00A7BDC2 /* Debug */ = {
			isa = XCBuildConfiguration;
			buildSettings = {
				ALWAYS_SEARCH_USER_PATHS = NO;
				ASSETCATALOG_COMPILER_GENERATE_SWIFT_ASSET_SYMBOL_EXTENSIONS = YES;
				CLANG_ANALYZER_NONNULL = YES;
				CLANG_ANALYZER_NUMBER_OBJECT_CONVERSION = YES_AGGRESSIVE;
				CLANG_CXX_LANGUAGE_STANDARD = "gnu++20";
				CLANG_ENABLE_MODULES = YES;
				CLANG_ENABLE_OBJC_ARC = YES;
				CLANG_ENABLE_OBJC_WEAK = YES;
				CLANG_WARN_BLOCK_CAPTURE_AUTORELEASING = YES;
				CLANG_WARN_BOOL_CONVERSION = YES;
				CLANG_WARN_COMMA = YES;
				CLANG_WARN_CONSTANT_CONVERSION = YES;
				CLANG_WARN_DEPRECATED_OBJC_IMPLEMENTATIONS = YES;
				CLANG_WARN_DIRECT_OBJC_ISA_USAGE = YES_ERROR;
				CLANG_WARN_DOCUMENTATION_COMMENTS = YES;
				CLANG_WARN_EMPTY_BODY = YES;
				CLANG_WARN_ENUM_CONVERSION = YES;
				CLANG_WARN_INFINITE_RECURSION = YES;
				CLANG_WARN_INT_CONVERSION = YES;
				CLANG_WARN_NON_LITERAL_NULL_CONVERSION = YES;
				CLANG_WARN_OBJC_IMPLICIT_RETAIN_SELF = YES;
				CLANG_WARN_OBJC_LITERAL_CONVERSION = YES;
				CLANG_WARN_OBJC_ROOT_CLASS = YES_ERROR;
				CLANG_WARN_QUOTED_INCLUDE_IN_FRAMEWORK_HEADER = YES;
				CLANG_WARN_RANGE_LOOP_ANALYSIS = YES;
				CLANG_WARN_STRICT_PROTOTYPES = YES;
				CLANG_WARN_SUSPICIOUS_MOVE = YES;
				CLANG_WARN_UNGUARDED_AVAILABILITY = YES_AGGRESSIVE;
				CLANG_WARN_UNREACHABLE_CODE = YES;
				CLANG_WARN__DUPLICATE_METHOD_MATCH = YES;
				COPY_PHASE_STRIP = NO;
				DEBUG_INFORMATION_FORMAT = dwarf;
				ENABLE_STRICT_OBJC_MSGSEND = YES;
				ENABLE_TESTABILITY = YES;
				ENABLE_USER_SCRIPT_SANDBOXING = YES;
				GCC_C_LANGUAGE_STANDARD = gnu17;
				GCC_DYNAMIC_NO_PIC = NO;
				GCC_NO_COMMON_BLOCKS = YES;
				GCC_OPTIMIZATION_LEVEL = 0;
				GCC_PREPROCESSOR_DEFINITIONS = (
					"DEBUG=1",
					"$(inherited)",
				);
				GCC_WARN_64_TO_32_BIT_CONVERSION = YES;
				GCC_WARN_ABOUT_RETURN_TYPE = YES_ERROR;
				GCC_WARN_UNDECLARED_SELECTOR = YES;
				GCC_WARN_UNINITIALIZED_AUTOS = YES_AGGRESSIVE;
				GCC_WARN_UNUSED_FUNCTION = YES;
				GCC_WARN_UNUSED_VARIABLE = YES;
				IPHONEOS_DEPLOYMENT_TARGET = 16.2;
				LOCALIZATION_PREFERS_STRING_CATALOGS = YES;
				MTL_ENABLE_DEBUG_INFO = INCLUDE_SOURCE;
				MTL_FAST_MATH = YES;
				ONLY_ACTIVE_ARCH = YES;
				SDKROOT = iphoneos;
				SWIFT_ACTIVE_COMPILATION_CONDITIONS = "DEBUG $(inherited)";
				SWIFT_OPTIMIZATION_LEVEL = "-Onone";
			};
			name = Debug;
		};
		15D8ACA82C46BEEF00A7BDC2 /* Release */ = {
			isa = XCBuildConfiguration;
			buildSettings = {
				ALWAYS_SEARCH_USER_PATHS = NO;
				ASSETCATALOG_COMPILER_GENERATE_SWIFT_ASSET_SYMBOL_EXTENSIONS = YES;
				CLANG_ANALYZER_NONNULL = YES;
				CLANG_ANALYZER_NUMBER_OBJECT_CONVERSION = YES_AGGRESSIVE;
				CLANG_CXX_LANGUAGE_STANDARD = "gnu++20";
				CLANG_ENABLE_MODULES = YES;
				CLANG_ENABLE_OBJC_ARC = YES;
				CLANG_ENABLE_OBJC_WEAK = YES;
				CLANG_WARN_BLOCK_CAPTURE_AUTORELEASING = YES;
				CLANG_WARN_BOOL_CONVERSION = YES;
				CLANG_WARN_COMMA = YES;
				CLANG_WARN_CONSTANT_CONVERSION = YES;
				CLANG_WARN_DEPRECATED_OBJC_IMPLEMENTATIONS = YES;
				CLANG_WARN_DIRECT_OBJC_ISA_USAGE = YES_ERROR;
				CLANG_WARN_DOCUMENTATION_COMMENTS = YES;
				CLANG_WARN_EMPTY_BODY = YES;
				CLANG_WARN_ENUM_CONVERSION = YES;
				CLANG_WARN_INFINITE_RECURSION = YES;
				CLANG_WARN_INT_CONVERSION = YES;
				CLANG_WARN_NON_LITERAL_NULL_CONVERSION = YES;
				CLANG_WARN_OBJC_IMPLICIT_RETAIN_SELF = YES;
				CLANG_WARN_OBJC_LITERAL_CONVERSION = YES;
				CLANG_WARN_OBJC_ROOT_CLASS = YES_ERROR;
				CLANG_WARN_QUOTED_INCLUDE_IN_FRAMEWORK_HEADER = YES;
				CLANG_WARN_RANGE_LOOP_ANALYSIS = YES;
				CLANG_WARN_STRICT_PROTOTYPES = YES;
				CLANG_WARN_SUSPICIOUS_MOVE = YES;
				CLANG_WARN_UNGUARDED_AVAILABILITY = YES_AGGRESSIVE;
				CLANG_WARN_UNREACHABLE_CODE = YES;
				CLANG_WARN__DUPLICATE_METHOD_MATCH = YES;
				COPY_PHASE_STRIP = NO;
				DEBUG_INFORMATION_FORMAT = "dwarf-with-dsym";
				ENABLE_NS_ASSERTIONS = NO;
				ENABLE_STRICT_OBJC_MSGSEND = YES;
				ENABLE_USER_SCRIPT_SANDBOXING = YES;
				GCC_C_LANGUAGE_STANDARD = gnu17;
				GCC_NO_COMMON_BLOCKS = YES;
				GCC_WARN_64_TO_32_BIT_CONVERSION = YES;
				GCC_WARN_ABOUT_RETURN_TYPE = YES_ERROR;
				GCC_WARN_UNDECLARED_SELECTOR = YES;
				GCC_WARN_UNINITIALIZED_AUTOS = YES_AGGRESSIVE;
				GCC_WARN_UNUSED_FUNCTION = YES;
				GCC_WARN_UNUSED_VARIABLE = YES;
				IPHONEOS_DEPLOYMENT_TARGET = 16.2;
				LOCALIZATION_PREFERS_STRING_CATALOGS = YES;
				MTL_ENABLE_DEBUG_INFO = NO;
				MTL_FAST_MATH = YES;
				SDKROOT = iphoneos;
				SWIFT_COMPILATION_MODE = wholemodule;
				VALIDATE_PRODUCT = YES;
			};
			name = Release;
		};
		15D8ACAA2C46BEEF00A7BDC2 /* Debug */ = {
			isa = XCBuildConfiguration;
			buildSettings = {
				ASSETCATALOG_COMPILER_APPICON_NAME = AppIcon;
				ASSETCATALOG_COMPILER_GLOBAL_ACCENT_COLOR_NAME = AccentColor;
				CODE_SIGN_STYLE = Automatic;
				CURRENT_PROJECT_VERSION = 1;
				DEVELOPMENT_TEAM = 89GM772QRS;
				GENERATE_INFOPLIST_FILE = YES;
				INFOPLIST_FILE = WeatherTT/Info.plist;
				INFOPLIST_KEY_UIApplicationSupportsIndirectInputEvents = YES;
				INFOPLIST_KEY_UILaunchStoryboardName = LaunchScreen;
				INFOPLIST_KEY_UISupportedInterfaceOrientations_iPad = "UIInterfaceOrientationPortrait UIInterfaceOrientationPortraitUpsideDown UIInterfaceOrientationLandscapeLeft UIInterfaceOrientationLandscapeRight";
				INFOPLIST_KEY_UISupportedInterfaceOrientations_iPhone = "UIInterfaceOrientationPortrait UIInterfaceOrientationLandscapeLeft UIInterfaceOrientationLandscapeRight";
				LD_RUNPATH_SEARCH_PATHS = (
					"$(inherited)",
					"@executable_path/Frameworks",
				);
				MARKETING_VERSION = 1.0;
				PRODUCT_BUNDLE_IDENTIFIER = com.example.WeatherTT;
				PRODUCT_NAME = "$(TARGET_NAME)";
				SWIFT_EMIT_LOC_STRINGS = YES;
				SWIFT_VERSION = 5.0;
				TARGETED_DEVICE_FAMILY = "1,2";
			};
			name = Debug;
		};
		15D8ACAB2C46BEEF00A7BDC2 /* Release */ = {
			isa = XCBuildConfiguration;
			buildSettings = {
				ASSETCATALOG_COMPILER_APPICON_NAME = AppIcon;
				ASSETCATALOG_COMPILER_GLOBAL_ACCENT_COLOR_NAME = AccentColor;
				CODE_SIGN_STYLE = Automatic;
				CURRENT_PROJECT_VERSION = 1;
				DEVELOPMENT_TEAM = 89GM772QRS;
				GENERATE_INFOPLIST_FILE = YES;
				INFOPLIST_FILE = WeatherTT/Info.plist;
				INFOPLIST_KEY_UIApplicationSupportsIndirectInputEvents = YES;
				INFOPLIST_KEY_UILaunchStoryboardName = LaunchScreen;
				INFOPLIST_KEY_UISupportedInterfaceOrientations_iPad = "UIInterfaceOrientationPortrait UIInterfaceOrientationPortraitUpsideDown UIInterfaceOrientationLandscapeLeft UIInterfaceOrientationLandscapeRight";
				INFOPLIST_KEY_UISupportedInterfaceOrientations_iPhone = "UIInterfaceOrientationPortrait UIInterfaceOrientationLandscapeLeft UIInterfaceOrientationLandscapeRight";
				LD_RUNPATH_SEARCH_PATHS = (
					"$(inherited)",
					"@executable_path/Frameworks",
				);
				MARKETING_VERSION = 1.0;
				PRODUCT_BUNDLE_IDENTIFIER = com.example.WeatherTT;
				PRODUCT_NAME = "$(TARGET_NAME)";
				SWIFT_EMIT_LOC_STRINGS = YES;
				SWIFT_VERSION = 5.0;
				TARGETED_DEVICE_FAMILY = "1,2";
			};
			name = Release;
		};
/* End XCBuildConfiguration section */

/* Begin XCConfigurationList section */
		15D8AC902C46BEEB00A7BDC2 /* Build configuration list for PBXProject "WeatherTT" */ = {
			isa = XCConfigurationList;
			buildConfigurations = (
				15D8ACA72C46BEEF00A7BDC2 /* Debug */,
				15D8ACA82C46BEEF00A7BDC2 /* Release */,
			);
			defaultConfigurationIsVisible = 0;
			defaultConfigurationName = Release;
		};
		15D8ACA92C46BEEF00A7BDC2 /* Build configuration list for PBXNativeTarget "WeatherTT" */ = {
			isa = XCConfigurationList;
			buildConfigurations = (
				15D8ACAA2C46BEEF00A7BDC2 /* Debug */,
				15D8ACAB2C46BEEF00A7BDC2 /* Release */,
			);
			defaultConfigurationIsVisible = 0;
			defaultConfigurationName = Release;
		};
/* End XCConfigurationList section */
	};
	rootObject = 15D8AC8D2C46BEEB00A7BDC2 /* Project object */;
}
